// !$*UTF8*$!
{
	archiveVersion = 1;
	classes = {
	};
	objectVersion = 56;
	objects = {

/* Begin PBXBuildFile section */
		C9EB3DB034CC465AA17D525A /* Pods_FlickerSearch.framework in Frameworks */ = {isa = PBXBuildFile; fileRef = 864F854C512EC0B2E076ADD9 /* Pods_FlickerSearch.framework */; };
		D26636F72948A051001FFAE0 /* AppDelegate.swift in Sources */ = {isa = PBXBuildFile; fileRef = D26636F62948A051001FFAE0 /* AppDelegate.swift */; };
		D26636F92948A051001FFAE0 /* SceneDelegate.swift in Sources */ = {isa = PBXBuildFile; fileRef = D26636F82948A051001FFAE0 /* SceneDelegate.swift */; };
		D26636FE2948A051001FFAE0 /* Main.storyboard in Resources */ = {isa = PBXBuildFile; fileRef = D26636FC2948A051001FFAE0 /* Main.storyboard */; };
		D26637002948A052001FFAE0 /* Assets.xcassets in Resources */ = {isa = PBXBuildFile; fileRef = D26636FF2948A052001FFAE0 /* Assets.xcassets */; };
		D26637032948A052001FFAE0 /* LaunchScreen.storyboard in Resources */ = {isa = PBXBuildFile; fileRef = D26637012948A052001FFAE0 /* LaunchScreen.storyboard */; };
		D2811D7F2948A90300E057FC /* RegistrationViewController.swift in Sources */ = {isa = PBXBuildFile; fileRef = D2811D7E2948A90300E057FC /* RegistrationViewController.swift */; };
		D29D40282948BE8800E44E8E /* HomeTableViewController.swift in Sources */ = {isa = PBXBuildFile; fileRef = D29D40272948BE8800E44E8E /* HomeTableViewController.swift */; };
		D29D402A2948BEBC00E44E8E /* ProfileTableViewController.swift in Sources */ = {isa = PBXBuildFile; fileRef = D29D40292948BEBC00E44E8E /* ProfileTableViewController.swift */; };
		D29D402C2948C1EE00E44E8E /* GoogleService-Info.plist in Resources */ = {isa = PBXBuildFile; fileRef = D29D402B2948C1EE00E44E8E /* GoogleService-Info.plist */; };
		D29D402E2948CD3900E44E8E /* LoginViewController.swift in Sources */ = {isa = PBXBuildFile; fileRef = D29D402D2948CD3900E44E8E /* LoginViewController.swift */; };
		D29D403229494D8B00E44E8E /* PhotoTableViewCell.swift in Sources */ = {isa = PBXBuildFile; fileRef = D29D403129494D8B00E44E8E /* PhotoTableViewCell.swift */; };
		D29D4037294952DA00E44E8E /* PhotoDetailTableViewCell.swift in Sources */ = {isa = PBXBuildFile; fileRef = D29D4036294952DA00E44E8E /* PhotoDetailTableViewCell.swift */; };
		D29D40392949544600E44E8E /* PhotoDetailViewController.swift in Sources */ = {isa = PBXBuildFile; fileRef = D29D40382949544600E44E8E /* PhotoDetailViewController.swift */; };
/* End PBXBuildFile section */

/* Begin PBXFileReference section */
		61DAA9D74BF1639A73C681A1 /* Pods-FlickerSearch.release.xcconfig */ = {isa = PBXFileReference; includeInIndex = 1; lastKnownFileType = text.xcconfig; name = "Pods-FlickerSearch.release.xcconfig"; path = "Target Support Files/Pods-FlickerSearch/Pods-FlickerSearch.release.xcconfig"; sourceTree = "<group>"; };
		79A236A8A3A93152DA3FC822 /* Pods-FlickerSearch.debug.xcconfig */ = {isa = PBXFileReference; includeInIndex = 1; lastKnownFileType = text.xcconfig; name = "Pods-FlickerSearch.debug.xcconfig"; path = "Target Support Files/Pods-FlickerSearch/Pods-FlickerSearch.debug.xcconfig"; sourceTree = "<group>"; };
		864F854C512EC0B2E076ADD9 /* Pods_FlickerSearch.framework */ = {isa = PBXFileReference; explicitFileType = wrapper.framework; includeInIndex = 0; path = Pods_FlickerSearch.framework; sourceTree = BUILT_PRODUCTS_DIR; };
		D26636F32948A051001FFAE0 /* FlickerSearch.app */ = {isa = PBXFileReference; explicitFileType = wrapper.application; includeInIndex = 0; path = FlickerSearch.app; sourceTree = BUILT_PRODUCTS_DIR; };
		D26636F62948A051001FFAE0 /* AppDelegate.swift */ = {isa = PBXFileReference; lastKnownFileType = sourcecode.swift; path = AppDelegate.swift; sourceTree = "<group>"; };
		D26636F82948A051001FFAE0 /* SceneDelegate.swift */ = {isa = PBXFileReference; lastKnownFileType = sourcecode.swift; path = SceneDelegate.swift; sourceTree = "<group>"; };
		D26636FD2948A051001FFAE0 /* Base */ = {isa = PBXFileReference; lastKnownFileType = file.storyboard; name = Base; path = Base.lproj/Main.storyboard; sourceTree = "<group>"; };
		D26636FF2948A052001FFAE0 /* Assets.xcassets */ = {isa = PBXFileReference; lastKnownFileType = folder.assetcatalog; path = Assets.xcassets; sourceTree = "<group>"; };
		D26637022948A052001FFAE0 /* Base */ = {isa = PBXFileReference; lastKnownFileType = file.storyboard; name = Base; path = Base.lproj/LaunchScreen.storyboard; sourceTree = "<group>"; };
		D26637042948A052001FFAE0 /* Info.plist */ = {isa = PBXFileReference; lastKnownFileType = text.plist.xml; path = Info.plist; sourceTree = "<group>"; };
		D2811D7E2948A90300E057FC /* RegistrationViewController.swift */ = {isa = PBXFileReference; lastKnownFileType = sourcecode.swift; path = RegistrationViewController.swift; sourceTree = "<group>"; };
		D29D40272948BE8800E44E8E /* HomeTableViewController.swift */ = {isa = PBXFileReference; lastKnownFileType = sourcecode.swift; path = HomeTableViewController.swift; sourceTree = "<group>"; };
		D29D40292948BEBC00E44E8E /* ProfileTableViewController.swift */ = {isa = PBXFileReference; lastKnownFileType = sourcecode.swift; path = ProfileTableViewController.swift; sourceTree = "<group>"; };
		D29D402B2948C1EE00E44E8E /* GoogleService-Info.plist */ = {isa = PBXFileReference; fileEncoding = 4; lastKnownFileType = text.plist.xml; name = "GoogleService-Info.plist"; path = "../../../../Downloads/GoogleService-Info.plist"; sourceTree = "<group>"; };
		D29D402D2948CD3900E44E8E /* LoginViewController.swift */ = {isa = PBXFileReference; lastKnownFileType = sourcecode.swift; path = LoginViewController.swift; sourceTree = "<group>"; };
		D29D403129494D8B00E44E8E /* PhotoTableViewCell.swift */ = {isa = PBXFileReference; lastKnownFileType = sourcecode.swift; path = PhotoTableViewCell.swift; sourceTree = "<group>"; };
		D29D4036294952DA00E44E8E /* PhotoDetailTableViewCell.swift */ = {isa = PBXFileReference; lastKnownFileType = sourcecode.swift; path = PhotoDetailTableViewCell.swift; sourceTree = "<group>"; };
		D29D40382949544600E44E8E /* PhotoDetailViewController.swift */ = {isa = PBXFileReference; lastKnownFileType = sourcecode.swift; path = PhotoDetailViewController.swift; sourceTree = "<group>"; };
/* End PBXFileReference section */

/* Begin PBXFrameworksBuildPhase section */
		D26636F02948A051001FFAE0 /* Frameworks */ = {
			isa = PBXFrameworksBuildPhase;
			buildActionMask = 2147483647;
			files = (
				C9EB3DB034CC465AA17D525A /* Pods_FlickerSearch.framework in Frameworks */,
			);
			runOnlyForDeploymentPostprocessing = 0;
		};
/* End PBXFrameworksBuildPhase section */

/* Begin PBXGroup section */
		1145B885FFFAF6637C28ADB6 /* Frameworks */ = {
			isa = PBXGroup;
			children = (
				864F854C512EC0B2E076ADD9 /* Pods_FlickerSearch.framework */,
			);
			name = Frameworks;
			sourceTree = "<group>";
		};
		9BBFB9D4440097EAEE615BB9 /* Pods */ = {
			isa = PBXGroup;
			children = (
				79A236A8A3A93152DA3FC822 /* Pods-FlickerSearch.debug.xcconfig */,
				61DAA9D74BF1639A73C681A1 /* Pods-FlickerSearch.release.xcconfig */,
			);
			path = Pods;
			sourceTree = "<group>";
		};
		D26636EA2948A051001FFAE0 = {
			isa = PBXGroup;
			children = (
				D26636F52948A051001FFAE0 /* FlickerSearch */,
				D26636F42948A051001FFAE0 /* Products */,
				9BBFB9D4440097EAEE615BB9 /* Pods */,
				1145B885FFFAF6637C28ADB6 /* Frameworks */,
			);
			sourceTree = "<group>";
		};
		D26636F42948A051001FFAE0 /* Products */ = {
			isa = PBXGroup;
			children = (
				D26636F32948A051001FFAE0 /* FlickerSearch.app */,
			);
			name = Products;
			sourceTree = "<group>";
		};
		D26636F52948A051001FFAE0 /* FlickerSearch */ = {
			isa = PBXGroup;
			children = (
				D26636F62948A051001FFAE0 /* AppDelegate.swift */,
				D26636F82948A051001FFAE0 /* SceneDelegate.swift */,
				D29D402B2948C1EE00E44E8E /* GoogleService-Info.plist */,
				D266370D2948A2BC001FFAE0 /* Supporting Files */,
				D266370C2948A2B5001FFAE0 /* Controllers */,
				D266370B2948A2AF001FFAE0 /* Views */,
				D266370A2948A2A6001FFAE0 /* Models */,
				D26636FF2948A052001FFAE0 /* Assets.xcassets */,
				D26637012948A052001FFAE0 /* LaunchScreen.storyboard */,
			);
			path = FlickerSearch;
			sourceTree = "<group>";
		};
		D266370A2948A2A6001FFAE0 /* Models */ = {
			isa = PBXGroup;
			children = (
			);
			path = Models;
			sourceTree = "<group>";
		};
		D266370B2948A2AF001FFAE0 /* Views */ = {
			isa = PBXGroup;
			children = (
				D29D40332949526100E44E8E /* Cells */,
				D26636FC2948A051001FFAE0 /* Main.storyboard */,
			);
			path = Views;
			sourceTree = "<group>";
		};
		D266370C2948A2B5001FFAE0 /* Controllers */ = {
			isa = PBXGroup;
			children = (
				D29D40272948BE8800E44E8E /* HomeTableViewController.swift */,
				D29D40382949544600E44E8E /* PhotoDetailViewController.swift */,
				D29D40292948BEBC00E44E8E /* ProfileTableViewController.swift */,
				D2811D732948A7D700E057FC /* Onboarding */,
			);
			path = Controllers;
			sourceTree = "<group>";
		};
		D266370D2948A2BC001FFAE0 /* Supporting Files */ = {
			isa = PBXGroup;
			children = (
				D26637042948A052001FFAE0 /* Info.plist */,
			);
			path = "Supporting Files";
			sourceTree = "<group>";
		};
		D2811D732948A7D700E057FC /* Onboarding */ = {
			isa = PBXGroup;
			children = (
				D2811D7E2948A90300E057FC /* RegistrationViewController.swift */,
				D29D402D2948CD3900E44E8E /* LoginViewController.swift */,
			);
			path = Onboarding;
			sourceTree = "<group>";
		};
		D29D40332949526100E44E8E /* Cells */ = {
			isa = PBXGroup;
			children = (
				D29D403129494D8B00E44E8E /* PhotoTableViewCell.swift */,
				D29D4036294952DA00E44E8E /* PhotoDetailTableViewCell.swift */,
			);
			path = Cells;
			sourceTree = "<group>";
		};
/* End PBXGroup section */

/* Begin PBXNativeTarget section */
		D26636F22948A051001FFAE0 /* FlickerSearch */ = {
			isa = PBXNativeTarget;
			buildConfigurationList = D26637072948A052001FFAE0 /* Build configuration list for PBXNativeTarget "FlickerSearch" */;
			buildPhases = (
				C9FA7265901A71BB56734506 /* [CP] Check Pods Manifest.lock */,
				D26636EF2948A051001FFAE0 /* Sources */,
				D26636F02948A051001FFAE0 /* Frameworks */,
				D26636F12948A051001FFAE0 /* Resources */,
				80CE6D231690E58879D0259F /* [CP] Embed Pods Frameworks */,
			);
			buildRules = (
			);
			dependencies = (
			);
			name = FlickerSearch;
			productName = FlickerSearch;
			productReference = D26636F32948A051001FFAE0 /* FlickerSearch.app */;
			productType = "com.apple.product-type.application";
		};
/* End PBXNativeTarget section */

/* Begin PBXProject section */
		D26636EB2948A051001FFAE0 /* Project object */ = {
			isa = PBXProject;
			attributes = {
				BuildIndependentTargetsInParallel = 1;
				LastSwiftUpdateCheck = 1410;
				LastUpgradeCheck = 1410;
				TargetAttributes = {
					D26636F22948A051001FFAE0 = {
						CreatedOnToolsVersion = 14.1;
					};
				};
			};
			buildConfigurationList = D26636EE2948A051001FFAE0 /* Build configuration list for PBXProject "FlickerSearch" */;
			compatibilityVersion = "Xcode 14.0";
			developmentRegion = en;
			hasScannedForEncodings = 0;
			knownRegions = (
				en,
				Base,
			);
			mainGroup = D26636EA2948A051001FFAE0;
			productRefGroup = D26636F42948A051001FFAE0 /* Products */;
			projectDirPath = "";
			projectRoot = "";
			targets = (
				D26636F22948A051001FFAE0 /* FlickerSearch */,
			);
		};
/* End PBXProject section */

/* Begin PBXResourcesBuildPhase section */
		D26636F12948A051001FFAE0 /* Resources */ = {
			isa = PBXResourcesBuildPhase;
			buildActionMask = 2147483647;
			files = (
				D26637032948A052001FFAE0 /* LaunchScreen.storyboard in Resources */,
				D29D402C2948C1EE00E44E8E /* GoogleService-Info.plist in Resources */,
				D26637002948A052001FFAE0 /* Assets.xcassets in Resources */,
				D26636FE2948A051001FFAE0 /* Main.storyboard in Resources */,
			);
			runOnlyForDeploymentPostprocessing = 0;
		};
/* End PBXResourcesBuildPhase section */

/* Begin PBXShellScriptBuildPhase section */
		80CE6D231690E58879D0259F /* [CP] Embed Pods Frameworks */ = {
			isa = PBXShellScriptBuildPhase;
			buildActionMask = 2147483647;
			files = (
			);
			inputFileListPaths = (
				"${PODS_ROOT}/Target Support Files/Pods-FlickerSearch/Pods-FlickerSearch-frameworks-${CONFIGURATION}-input-files.xcfilelist",
			);
			name = "[CP] Embed Pods Frameworks";
			outputFileListPaths = (
				"${PODS_ROOT}/Target Support Files/Pods-FlickerSearch/Pods-FlickerSearch-frameworks-${CONFIGURATION}-output-files.xcfilelist",
			);
			runOnlyForDeploymentPostprocessing = 0;
			shellPath = /bin/sh;
			shellScript = "\"${PODS_ROOT}/Target Support Files/Pods-FlickerSearch/Pods-FlickerSearch-frameworks.sh\"\n";
			showEnvVarsInLog = 0;
		};
		C9FA7265901A71BB56734506 /* [CP] Check Pods Manifest.lock */ = {
			isa = PBXShellScriptBuildPhase;
			buildActionMask = 2147483647;
			files = (
			);
			inputFileListPaths = (
			);
			inputPaths = (
				"${PODS_PODFILE_DIR_PATH}/Podfile.lock",
				"${PODS_ROOT}/Manifest.lock",
			);
			name = "[CP] Check Pods Manifest.lock";
			outputFileListPaths = (
			);
			outputPaths = (
				"$(DERIVED_FILE_DIR)/Pods-FlickerSearch-checkManifestLockResult.txt",
			);
			runOnlyForDeploymentPostprocessing = 0;
			shellPath = /bin/sh;
			shellScript = "diff \"${PODS_PODFILE_DIR_PATH}/Podfile.lock\" \"${PODS_ROOT}/Manifest.lock\" > /dev/null\nif [ $? != 0 ] ; then\n    # print error to STDERR\n    echo \"error: The sandbox is not in sync with the Podfile.lock. Run 'pod install' or update your CocoaPods installation.\" >&2\n    exit 1\nfi\n# This output is used by Xcode 'outputs' to avoid re-running this script phase.\necho \"SUCCESS\" > \"${SCRIPT_OUTPUT_FILE_0}\"\n";
			showEnvVarsInLog = 0;
		};
/* End PBXShellScriptBuildPhase section */

/* Begin PBXSourcesBuildPhase section */
		D26636EF2948A051001FFAE0 /* Sources */ = {
			isa = PBXSourcesBuildPhase;
			buildActionMask = 2147483647;
			files = (
				D29D403229494D8B00E44E8E /* PhotoTableViewCell.swift in Sources */,
				D29D4037294952DA00E44E8E /* PhotoDetailTableViewCell.swift in Sources */,
				D29D402E2948CD3900E44E8E /* LoginViewController.swift in Sources */,
				D2811D7F2948A90300E057FC /* RegistrationViewController.swift in Sources */,
				D26636F72948A051001FFAE0 /* AppDelegate.swift in Sources */,
				D29D40282948BE8800E44E8E /* HomeTableViewController.swift in Sources */,
				D29D40392949544600E44E8E /* PhotoDetailViewController.swift in Sources */,
				D29D402A2948BEBC00E44E8E /* ProfileTableViewController.swift in Sources */,
				D26636F92948A051001FFAE0 /* SceneDelegate.swift in Sources */,
			);
			runOnlyForDeploymentPostprocessing = 0;
		};
/* End PBXSourcesBuildPhase section */

/* Begin PBXVariantGroup section */
		D26636FC2948A051001FFAE0 /* Main.storyboard */ = {
			isa = PBXVariantGroup;
			children = (
				D26636FD2948A051001FFAE0 /* Base */,
			);
			name = Main.storyboard;
			sourceTree = "<group>";
		};
		D26637012948A052001FFAE0 /* LaunchScreen.storyboard */ = {
			isa = PBXVariantGroup;
			children = (
				D26637022948A052001FFAE0 /* Base */,
			);
			name = LaunchScreen.storyboard;
			sourceTree = "<group>";
		};
/* End PBXVariantGroup section */

/* Begin XCBuildConfiguration section */
		D26637052948A052001FFAE0 /* Debug */ = {
			isa = XCBuildConfiguration;
			buildSettings = {
				ALWAYS_SEARCH_USER_PATHS = NO;
				CLANG_ANALYZER_NONNULL = YES;
				CLANG_ANALYZER_NUMBER_OBJECT_CONVERSION = YES_AGGRESSIVE;
				CLANG_CXX_LANGUAGE_STANDARD = "gnu++20";
				CLANG_ENABLE_MODULES = YES;
				CLANG_ENABLE_OBJC_ARC = YES;
				CLANG_ENABLE_OBJC_WEAK = YES;
				CLANG_WARN_BLOCK_CAPTURE_AUTORELEASING = YES;
				CLANG_WARN_BOOL_CONVERSION = YES;
				CLANG_WARN_COMMA = YES;
				CLANG_WARN_CONSTANT_CONVERSION = YES;
				CLANG_WARN_DEPRECATED_OBJC_IMPLEMENTATIONS = YES;
				CLANG_WARN_DIRECT_OBJC_ISA_USAGE = YES_ERROR;
				CLANG_WARN_DOCUMENTATION_COMMENTS = YES;
				CLANG_WARN_EMPTY_BODY = YES;
				CLANG_WARN_ENUM_CONVERSION = YES;
				CLANG_WARN_INFINITE_RECURSION = YES;
				CLANG_WARN_INT_CONVERSION = YES;
				CLANG_WARN_NON_LITERAL_NULL_CONVERSION = YES;
				CLANG_WARN_OBJC_IMPLICIT_RETAIN_SELF = YES;
				CLANG_WARN_OBJC_LITERAL_CONVERSION = YES;
				CLANG_WARN_OBJC_ROOT_CLASS = YES_ERROR;
				CLANG_WARN_QUOTED_INCLUDE_IN_FRAMEWORK_HEADER = YES;
				CLANG_WARN_RANGE_LOOP_ANALYSIS = YES;
				CLANG_WARN_STRICT_PROTOTYPES = YES;
				CLANG_WARN_SUSPICIOUS_MOVE = YES;
				CLANG_WARN_UNGUARDED_AVAILABILITY = YES_AGGRESSIVE;
				CLANG_WARN_UNREACHABLE_CODE = YES;
				CLANG_WARN__DUPLICATE_METHOD_MATCH = YES;
				COPY_PHASE_STRIP = NO;
				DEBUG_INFORMATION_FORMAT = dwarf;
				ENABLE_STRICT_OBJC_MSGSEND = YES;
				ENABLE_TESTABILITY = YES;
				GCC_C_LANGUAGE_STANDARD = gnu11;
				GCC_DYNAMIC_NO_PIC = NO;
				GCC_NO_COMMON_BLOCKS = YES;
				GCC_OPTIMIZATION_LEVEL = 0;
				GCC_PREPROCESSOR_DEFINITIONS = (
					"DEBUG=1",
					"$(inherited)",
				);
				GCC_WARN_64_TO_32_BIT_CONVERSION = YES;
				GCC_WARN_ABOUT_RETURN_TYPE = YES_ERROR;
				GCC_WARN_UNDECLARED_SELECTOR = YES;
				GCC_WARN_UNINITIALIZED_AUTOS = YES_AGGRESSIVE;
				GCC_WARN_UNUSED_FUNCTION = YES;
				GCC_WARN_UNUSED_VARIABLE = YES;
				IPHONEOS_DEPLOYMENT_TARGET = 16.1;
				MTL_ENABLE_DEBUG_INFO = INCLUDE_SOURCE;
				MTL_FAST_MATH = YES;
				ONLY_ACTIVE_ARCH = YES;
				SDKROOT = iphoneos;
				SWIFT_ACTIVE_COMPILATION_CONDITIONS = DEBUG;
				SWIFT_OPTIMIZATION_LEVEL = "-Onone";
			};
			name = Debug;
		};
		D26637062948A052001FFAE0 /* Release */ = {
			isa = XCBuildConfiguration;
			buildSettings = {
				ALWAYS_SEARCH_USER_PATHS = NO;
				CLANG_ANALYZER_NONNULL = YES;
				CLANG_ANALYZER_NUMBER_OBJECT_CONVERSION = YES_AGGRESSIVE;
				CLANG_CXX_LANGUAGE_STANDARD = "gnu++20";
				CLANG_ENABLE_MODULES = YES;
				CLANG_ENABLE_OBJC_ARC = YES;
				CLANG_ENABLE_OBJC_WEAK = YES;
				CLANG_WARN_BLOCK_CAPTURE_AUTORELEASING = YES;
				CLANG_WARN_BOOL_CONVERSION = YES;
				CLANG_WARN_COMMA = YES;
				CLANG_WARN_CONSTANT_CONVERSION = YES;
				CLANG_WARN_DEPRECATED_OBJC_IMPLEMENTATIONS = YES;
				CLANG_WARN_DIRECT_OBJC_ISA_USAGE = YES_ERROR;
				CLANG_WARN_DOCUMENTATION_COMMENTS = YES;
				CLANG_WARN_EMPTY_BODY = YES;
				CLANG_WARN_ENUM_CONVERSION = YES;
				CLANG_WARN_INFINITE_RECURSION = YES;
				CLANG_WARN_INT_CONVERSION = YES;
				CLANG_WARN_NON_LITERAL_NULL_CONVERSION = YES;
				CLANG_WARN_OBJC_IMPLICIT_RETAIN_SELF = YES;
				CLANG_WARN_OBJC_LITERAL_CONVERSION = YES;
				CLANG_WARN_OBJC_ROOT_CLASS = YES_ERROR;
				CLANG_WARN_QUOTED_INCLUDE_IN_FRAMEWORK_HEADER = YES;
				CLANG_WARN_RANGE_LOOP_ANALYSIS = YES;
				CLANG_WARN_STRICT_PROTOTYPES = YES;
				CLANG_WARN_SUSPICIOUS_MOVE = YES;
				CLANG_WARN_UNGUARDED_AVAILABILITY = YES_AGGRESSIVE;
				CLANG_WARN_UNREACHABLE_CODE = YES;
				CLANG_WARN__DUPLICATE_METHOD_MATCH = YES;
				COPY_PHASE_STRIP = NO;
				DEBUG_INFORMATION_FORMAT = "dwarf-with-dsym";
				ENABLE_NS_ASSERTIONS = NO;
				ENABLE_STRICT_OBJC_MSGSEND = YES;
				GCC_C_LANGUAGE_STANDARD = gnu11;
				GCC_NO_COMMON_BLOCKS = YES;
				GCC_WARN_64_TO_32_BIT_CONVERSION = YES;
				GCC_WARN_ABOUT_RETURN_TYPE = YES_ERROR;
				GCC_WARN_UNDECLARED_SELECTOR = YES;
				GCC_WARN_UNINITIALIZED_AUTOS = YES_AGGRESSIVE;
				GCC_WARN_UNUSED_FUNCTION = YES;
				GCC_WARN_UNUSED_VARIABLE = YES;
				IPHONEOS_DEPLOYMENT_TARGET = 16.1;
				MTL_ENABLE_DEBUG_INFO = NO;
				MTL_FAST_MATH = YES;
				SDKROOT = iphoneos;
				SWIFT_COMPILATION_MODE = wholemodule;
				SWIFT_OPTIMIZATION_LEVEL = "-O";
				VALIDATE_PRODUCT = YES;
			};
			name = Release;
		};
		D26637082948A052001FFAE0 /* Debug */ = {
			isa = XCBuildConfiguration;
			baseConfigurationReference = 79A236A8A3A93152DA3FC822 /* Pods-FlickerSearch.debug.xcconfig */;
			buildSettings = {
				ASSETCATALOG_COMPILER_APPICON_NAME = AppIcon;
				ASSETCATALOG_COMPILER_GLOBAL_ACCENT_COLOR_NAME = AccentColor;
				CODE_SIGN_STYLE = Automatic;
				CURRENT_PROJECT_VERSION = 1;
				GENERATE_INFOPLIST_FILE = YES;
				INFOPLIST_FILE = "FlickerSearch/Supporting Files/Info.plist";
				INFOPLIST_KEY_UIApplicationSupportsIndirectInputEvents = YES;
				INFOPLIST_KEY_UILaunchStoryboardName = LaunchScreen;
				INFOPLIST_KEY_UIMainStoryboardFile = Main;
				INFOPLIST_KEY_UISupportedInterfaceOrientations = UIInterfaceOrientationPortrait;
				INFOPLIST_KEY_UISupportedInterfaceOrientations_iPad = "UIInterfaceOrientationLandscapeLeft UIInterfaceOrientationLandscapeRight UIInterfaceOrientationPortrait UIInterfaceOrientationPortraitUpsideDown";
				LD_RUNPATH_SEARCH_PATHS = (
					"$(inherited)",
					"@executable_path/Frameworks",
				);
				MARKETING_VERSION = 1.0;
				PRODUCT_BUNDLE_IDENTIFIER = com.kamilcal.FlickerSearch;
				PRODUCT_NAME = "$(TARGET_NAME)";
				SUPPORTED_PLATFORMS = "iphoneos iphonesimulator";
				SUPPORTS_MACCATALYST = NO;
				SUPPORTS_MAC_DESIGNED_FOR_IPHONE_IPAD = NO;
				SWIFT_EMIT_LOC_STRINGS = YES;
				SWIFT_VERSION = 5.0;
				TARGETED_DEVICE_FAMILY = 1;
			};
			name = Debug;
		};
		D26637092948A052001FFAE0 /* Release */ = {
			isa = XCBuildConfiguration;
			baseConfigurationReference = 61DAA9D74BF1639A73C681A1 /* Pods-FlickerSearch.release.xcconfig */;
			buildSettings = {
				ASSETCATALOG_COMPILER_APPICON_NAME = AppIcon;
				ASSETCATALOG_COMPILER_GLOBAL_ACCENT_COLOR_NAME = AccentColor;
				CODE_SIGN_STYLE = Automatic;
				CURRENT_PROJECT_VERSION = 1;
				GENERATE_INFOPLIST_FILE = YES;
				INFOPLIST_FILE = "FlickerSearch/Supporting Files/Info.plist";
				INFOPLIST_KEY_UIApplicationSupportsIndirectInputEvents = YES;
				INFOPLIST_KEY_UILaunchStoryboardName = LaunchScreen;
				INFOPLIST_KEY_UIMainStoryboardFile = Main;
				INFOPLIST_KEY_UISupportedInterfaceOrientations = UIInterfaceOrientationPortrait;
				INFOPLIST_KEY_UISupportedInterfaceOrientations_iPad = "UIInterfaceOrientationLandscapeLeft UIInterfaceOrientationLandscapeRight UIInterfaceOrientationPortrait UIInterfaceOrientationPortraitUpsideDown";
				LD_RUNPATH_SEARCH_PATHS = (
					"$(inherited)",
					"@executable_path/Frameworks",
				);
				MARKETING_VERSION = 1.0;
				PRODUCT_BUNDLE_IDENTIFIER = com.kamilcal.FlickerSearch;
				PRODUCT_NAME = "$(TARGET_NAME)";
				SUPPORTED_PLATFORMS = "iphoneos iphonesimulator";
				SUPPORTS_MACCATALYST = NO;
				SUPPORTS_MAC_DESIGNED_FOR_IPHONE_IPAD = NO;
				SWIFT_EMIT_LOC_STRINGS = YES;
				SWIFT_VERSION = 5.0;
				TARGETED_DEVICE_FAMILY = 1;
			};
			name = Release;
		};
/* End XCBuildConfiguration section */

/* Begin XCConfigurationList section */
		D26636EE2948A051001FFAE0 /* Build configuration list for PBXProject "FlickerSearch" */ = {
			isa = XCConfigurationList;
			buildConfigurations = (
				D26637052948A052001FFAE0 /* Debug */,
				D26637062948A052001FFAE0 /* Release */,
			);
			defaultConfigurationIsVisible = 0;
			defaultConfigurationName = Release;
		};
		D26637072948A052001FFAE0 /* Build configuration list for PBXNativeTarget "FlickerSearch" */ = {
			isa = XCConfigurationList;
			buildConfigurations = (
				D26637082948A052001FFAE0 /* Debug */,
				D26637092948A052001FFAE0 /* Release */,
			);
			defaultConfigurationIsVisible = 0;
			defaultConfigurationName = Release;
		};
/* End XCConfigurationList section */
	};
	rootObject = D26636EB2948A051001FFAE0 /* Project object */;
}
